
Microsoft Visual Studio Solution File, Format Version 12.00
# Visual Studio Version 16
VisualStudioVersion = 16.0.30413.136
MinimumVisualStudioVersion = 10.0.40219.1
Project("{8BC9CEB8-8B4A-11D0-8D11-00A0C91BC942}") = "HW week 6.1", "HW week 6.1\HW week 6.1.vcxproj", "{961BB879-F54F-4C8F-BEC7-AC4DC25F3E42}"
EndProject
Global
	GlobalSection(SolutionConfigurationPlatforms) = preSolution
		Debug|x64 = Debug|x64
		Debug|x86 = Debug|x86
		Release|x64 = Release|x64
		Release|x86 = Release|x86
	EndGlobalSection
	GlobalSection(ProjectConfigurationPlatforms) = postSolution
		{961BB879-F54F-4C8F-BEC7-AC4DC25F3E42}.Debug|x64.ActiveCfg = Debug|x64
		{961BB879-F54F-4C8F-BEC7-AC4DC25F3E42}.Debug|x64.Build.0 = Debug|x64
		{961BB879-F54F-4C8F-BEC7-AC4DC25F3E42}.Debug|x86.ActiveCfg = Debug|Win32
		{961BB879-F54F-4C8F-BEC7-AC4DC25F3E42}.Debug|x86.Build.0 = Debug|Win32
		{961BB879-F54F-4C8F-BEC7-AC4DC25F3E42}.Release|x64.ActiveCfg = Release|x64
		{961BB879-F54F-4C8F-BEC7-AC4DC25F3E42}.Release|x64.Build.0 = Release|x64
		{961BB879-F54F-4C8F-BEC7-AC4DC25F3E42}.Release|x86.ActiveCfg = Release|Win32
		{961BB879-F54F-4C8F-BEC7-AC4DC25F3E42}.Release|x86.Build.0 = Release|Win32
	EndGlobalSection
	GlobalSection(SolutionProperties) = preSolution
		HideSolutionNode = FALSE
	EndGlobalSection
	GlobalSection(ExtensibilityGlobals) = postSolution
		SolutionGuid = {AC730D72-E31E-4B6E-B900-0BF2ED583CE5}
	EndGlobalSection
EndGlobal
